
Microsoft Visual Studio Solution File, Format Version 12.00
# Visual Studio Version 17
VisualStudioVersion = 17.9.34622.214
MinimumVisualStudioVersion = 10.0.40219.1
Project("{888888A0-9F3D-457C-B088-3A5042F75D52}") = "study-record-backend", "study-record-backend.pyproj", "{A7DF9EC0-0EF7-4017-9C95-472B044A46CC}"
EndProject
Global
	GlobalSection(SolutionConfigurationPlatforms) = preSolution
		Debug|Any CPU = Debug|Any CPU
		Release|Any CPU = Release|Any CPU
	EndGlobalSection
	GlobalSection(ProjectConfigurationPlatforms) = postSolution
		{A7DF9EC0-0EF7-4017-9C95-472B044A46CC}.Debug|Any CPU.ActiveCfg = Debug|Any CPU
		{A7DF9EC0-0EF7-4017-9C95-472B044A46CC}.Release|Any CPU.ActiveCfg = Release|Any CPU
	EndGlobalSection
	GlobalSection(SolutionProperties) = preSolution
		HideSolutionNode = FALSE
	EndGlobalSection
	GlobalSection(ExtensibilityGlobals) = postSolution
		SolutionGuid = {24BC104C-EC89-430E-AACF-5B5897E43768}
	EndGlobalSection
EndGlobal
